
Microsoft Visual Studio Solution File, Format Version 12.00
# Visual Studio 15
VisualStudioVersion = 15.0.27703.2047
MinimumVisualStudioVersion = 10.0.40219.1
Project("{FAE04EC0-301F-11D3-BF4B-00C04F79EFBC}") = "Sales.Android", "Sales\Sales.Android\Sales.Android.csproj", "{DA28E49F-D8B7-4594-9E6B-91D32206C686}"
EndProject
Project("{FAE04EC0-301F-11D3-BF4B-00C04F79EFBC}") = "Sales.iOS", "Sales\Sales.iOS\Sales.iOS.csproj", "{097146B1-0892-4C9E-97A2-8DAA327CC60C}"
EndProject
Project("{FAE04EC0-301F-11D3-BF4B-00C04F79EFBC}") = "Sales.UWP", "Sales\Sales.UWP\Sales.UWP.csproj", "{58945C4D-6FCD-43E3-823D-9DD11F901F81}"
EndProject
Project("{FAE04EC0-301F-11D3-BF4B-00C04F79EFBC}") = "Sales", "Sales\Sales\Sales.csproj", "{E31BA018-4B39-4986-ACB0-4CCF1A126700}"
EndProject
Project("{FAE04EC0-301F-11D3-BF4B-00C04F79EFBC}") = "Sales.Backend", "Sales.Backend\Sales.Backend.csproj", "{F943F617-E601-44A2-A190-6E1BDF2B9F4E}"
EndProject
Project("{FAE04EC0-301F-11D3-BF4B-00C04F79EFBC}") = "Sales.API", "Sales.API\Sales.API.csproj", "{56E08C9E-D01A-4521-8660-F86C3CA4C335}"
EndProject
Project("{FAE04EC0-301F-11D3-BF4B-00C04F79EFBC}") = "Sales.Domain", "Sales.Domain\Sales.Domain.csproj", "{7FB9C130-5F69-4C03-A587-BB89F2C6BCCE}"
EndProject
Project("{FAE04EC0-301F-11D3-BF4B-00C04F79EFBC}") = "Sales.Common", "Sales.Common\Sales.Common.csproj", "{EB7F1951-2D42-4FD0-856A-4A5272EE9F6A}"
EndProject
Global
	GlobalSection(SolutionConfigurationPlatforms) = preSolution
		Ad-Hoc|Any CPU = Ad-Hoc|Any CPU
		Ad-Hoc|ARM = Ad-Hoc|ARM
		Ad-Hoc|iPhone = Ad-Hoc|iPhone
		Ad-Hoc|iPhoneSimulator = Ad-Hoc|iPhoneSimulator
		Ad-Hoc|x64 = Ad-Hoc|x64
		Ad-Hoc|x86 = Ad-Hoc|x86
		AppStore|Any CPU = AppStore|Any CPU
		AppStore|ARM = AppStore|ARM
		AppStore|iPhone = AppStore|iPhone
		AppStore|iPhoneSimulator = AppStore|iPhoneSimulator
		AppStore|x64 = AppStore|x64
		AppStore|x86 = AppStore|x86
		Debug|Any CPU = Debug|Any CPU
		Debug|ARM = Debug|ARM
		Debug|iPhone = Debug|iPhone
		Debug|iPhoneSimulator = Debug|iPhoneSimulator
		Debug|x64 = Debug|x64
		Debug|x86 = Debug|x86
		Release|Any CPU = Release|Any CPU
		Release|ARM = Release|ARM
		Release|iPhone = Release|iPhone
		Release|iPhoneSimulator = Release|iPhoneSimulator
		Release|x64 = Release|x64
		Release|x86 = Release|x86
	EndGlobalSection
	GlobalSection(ProjectConfigurationPlatforms) = postSolution
		{DA28E49F-D8B7-4594-9E6B-91D32206C686}.Ad-Hoc|Any CPU.ActiveCfg = Release|Any CPU
		{DA28E49F-D8B7-4594-9E6B-91D32206C686}.Ad-Hoc|Any CPU.Build.0 = Release|Any CPU
		{DA28E49F-D8B7-4594-9E6B-91D32206C686}.Ad-Hoc|Any CPU.Deploy.0 = Release|Any CPU
		{DA28E49F-D8B7-4594-9E6B-91D32206C686}.Ad-Hoc|ARM.ActiveCfg = Release|Any CPU
		{DA28E49F-D8B7-4594-9E6B-91D32206C686}.Ad-Hoc|ARM.Build.0 = Release|Any CPU
		{DA28E49F-D8B7-4594-9E6B-91D32206C686}.Ad-Hoc|ARM.Deploy.0 = Release|Any CPU
		{DA28E49F-D8B7-4594-9E6B-91D32206C686}.Ad-Hoc|iPhone.ActiveCfg = Release|Any CPU
		{DA28E49F-D8B7-4594-9E6B-91D32206C686}.Ad-Hoc|iPhone.Build.0 = Release|Any CPU
		{DA28E49F-D8B7-4594-9E6B-91D32206C686}.Ad-Hoc|iPhone.Deploy.0 = Release|Any CPU
		{DA28E49F-D8B7-4594-9E6B-91D32206C686}.Ad-Hoc|iPhoneSimulator.ActiveCfg = Release|Any CPU
		{DA28E49F-D8B7-4594-9E6B-91D32206C686}.Ad-Hoc|iPhoneSimulator.Build.0 = Release|Any CPU
		{DA28E49F-D8B7-4594-9E6B-91D32206C686}.Ad-Hoc|iPhoneSimulator.Deploy.0 = Release|Any CPU
		{DA28E49F-D8B7-4594-9E6B-91D32206C686}.Ad-Hoc|x64.ActiveCfg = Release|Any CPU
		{DA28E49F-D8B7-4594-9E6B-91D32206C686}.Ad-Hoc|x64.Build.0 = Release|Any CPU
		{DA28E49F-D8B7-4594-9E6B-91D32206C686}.Ad-Hoc|x64.Deploy.0 = Release|Any CPU
		{DA28E49F-D8B7-4594-9E6B-91D32206C686}.Ad-Hoc|x86.ActiveCfg = Release|Any CPU
		{DA28E49F-D8B7-4594-9E6B-91D32206C686}.Ad-Hoc|x86.Build.0 = Release|Any CPU
		{DA28E49F-D8B7-4594-9E6B-91D32206C686}.Ad-Hoc|x86.Deploy.0 = Release|Any CPU
		{DA28E49F-D8B7-4594-9E6B-91D32206C686}.AppStore|Any CPU.ActiveCfg = Release|Any CPU
		{DA28E49F-D8B7-4594-9E6B-91D32206C686}.AppStore|Any CPU.Build.0 = Release|Any CPU
		{DA28E49F-D8B7-4594-9E6B-91D32206C686}.AppStore|Any CPU.Deploy.0 = Release|Any CPU
		{DA28E49F-D8B7-4594-9E6B-91D32206C686}.AppStore|ARM.ActiveCfg = Release|Any CPU
		{DA28E49F-D8B7-4594-9E6B-91D32206C686}.AppStore|ARM.Build.0 = Release|Any CPU
		{DA28E49F-D8B7-4594-9E6B-91D32206C686}.AppStore|ARM.Deploy.0 = Release|Any CPU
		{DA28E49F-D8B7-4594-9E6B-91D32206C686}.AppStore|iPhone.ActiveCfg = Release|Any CPU
		{DA28E49F-D8B7-4594-9E6B-91D32206C686}.AppStore|iPhone.Build.0 = Release|Any CPU
		{DA28E49F-D8B7-4594-9E6B-91D32206C686}.AppStore|iPhone.Deploy.0 = Release|Any CPU
		{DA28E49F-D8B7-4594-9E6B-91D32206C686}.AppStore|iPhoneSimulator.ActiveCfg = Release|Any CPU
		{DA28E49F-D8B7-4594-9E6B-91D32206C686}.AppStore|iPhoneSimulator.Build.0 = Release|Any CPU
		{DA28E49F-D8B7-4594-9E6B-91D32206C686}.AppStore|iPhoneSimulator.Deploy.0 = Release|Any CPU
		{DA28E49F-D8B7-4594-9E6B-91D32206C686}.AppStore|x64.ActiveCfg = Release|Any CPU
		{DA28E49F-D8B7-4594-9E6B-91D32206C686}.AppStore|x64.Build.0 = Release|Any CPU
		{DA28E49F-D8B7-4594-9E6B-91D32206C686}.AppStore|x64.Deploy.0 = Release|Any CPU
		{DA28E49F-D8B7-4594-9E6B-91D32206C686}.AppStore|x86.ActiveCfg = Release|Any CPU
		{DA28E49F-D8B7-4594-9E6B-91D32206C686}.AppStore|x86.Build.0 = Release|Any CPU
		{DA28E49F-D8B7-4594-9E6B-91D32206C686}.AppStore|x86.Deploy.0 = Release|Any CPU
		{DA28E49F-D8B7-4594-9E6B-91D32206C686}.Debug|Any CPU.ActiveCfg = Debug|Any CPU
		{DA28E49F-D8B7-4594-9E6B-91D32206C686}.Debug|Any CPU.Build.0 = Debug|Any CPU
		{DA28E49F-D8B7-4594-9E6B-91D32206C686}.Debug|Any CPU.Deploy.0 = Debug|Any CPU
		{DA28E49F-D8B7-4594-9E6B-91D32206C686}.Debug|ARM.ActiveCfg = Debug|Any CPU
		{DA28E49F-D8B7-4594-9E6B-91D32206C686}.Debug|ARM.Build.0 = Debug|Any CPU
		{DA28E49F-D8B7-4594-9E6B-91D32206C686}.Debug|ARM.Deploy.0 = Debug|Any CPU
		{DA28E49F-D8B7-4594-9E6B-91D32206C686}.Debug|iPhone.ActiveCfg = Debug|Any CPU
		{DA28E49F-D8B7-4594-9E6B-91D32206C686}.Debug|iPhone.Build.0 = Debug|Any CPU
		{DA28E49F-D8B7-4594-9E6B-91D32206C686}.Debug|iPhone.Deploy.0 = Debug|Any CPU
		{DA28E49F-D8B7-4594-9E6B-91D32206C686}.Debug|iPhoneSimulator.ActiveCfg = Debug|Any CPU
		{DA28E49F-D8B7-4594-9E6B-91D32206C686}.Debug|iPhoneSimulator.Build.0 = Debug|Any CPU
		{DA28E49F-D8B7-4594-9E6B-91D32206C686}.Debug|iPhoneSimulator.Deploy.0 = Debug|Any CPU
		{DA28E49F-D8B7-4594-9E6B-91D32206C686}.Debug|x64.ActiveCfg = Debug|Any CPU
		{DA28E49F-D8B7-4594-9E6B-91D32206C686}.Debug|x64.Build.0 = Debug|Any CPU
		{DA28E49F-D8B7-4594-9E6B-91D32206C686}.Debug|x64.Deploy.0 = Debug|Any CPU
		{DA28E49F-D8B7-4594-9E6B-91D32206C686}.Debug|x86.ActiveCfg = Debug|Any CPU
		{DA28E49F-D8B7-4594-9E6B-91D32206C686}.Debug|x86.Build.0 = Debug|Any CPU
		{DA28E49F-D8B7-4594-9E6B-91D32206C686}.Debug|x86.Deploy.0 = Debug|Any CPU
		{DA28E49F-D8B7-4594-9E6B-91D32206C686}.Release|Any CPU.ActiveCfg = Release|Any CPU
		{DA28E49F-D8B7-4594-9E6B-91D32206C686}.Release|Any CPU.Build.0 = Release|Any CPU
		{DA28E49F-D8B7-4594-9E6B-91D32206C686}.Release|Any CPU.Deploy.0 = Release|Any CPU
		{DA28E49F-D8B7-4594-9E6B-91D32206C686}.Release|ARM.ActiveCfg = Release|Any CPU
		{DA28E49F-D8B7-4594-9E6B-91D32206C686}.Release|ARM.Build.0 = Release|Any CPU
		{DA28E49F-D8B7-4594-9E6B-91D32206C686}.Release|ARM.Deploy.0 = Release|Any CPU
		{DA28E49F-D8B7-4594-9E6B-91D32206C686}.Release|iPhone.ActiveCfg = Release|Any CPU
		{DA28E49F-D8B7-4594-9E6B-91D32206C686}.Release|iPhone.Build.0 = Release|Any CPU
		{DA28E49F-D8B7-4594-9E6B-91D32206C686}.Release|iPhone.Deploy.0 = Release|Any CPU
		{DA28E49F-D8B7-4594-9E6B-91D32206C686}.Release|iPhoneSimulator.ActiveCfg = Release|Any CPU
		{DA28E49F-D8B7-4594-9E6B-91D32206C686}.Release|iPhoneSimulator.Build.0 = Release|Any CPU
		{DA28E49F-D8B7-4594-9E6B-91D32206C686}.Release|iPhoneSimulator.Deploy.0 = Release|Any CPU
		{DA28E49F-D8B7-4594-9E6B-91D32206C686}.Release|x64.ActiveCfg = Release|Any CPU
		{DA28E49F-D8B7-4594-9E6B-91D32206C686}.Release|x64.Build.0 = Release|Any CPU
		{DA28E49F-D8B7-4594-9E6B-91D32206C686}.Release|x64.Deploy.0 = Release|Any CPU
		{DA28E49F-D8B7-4594-9E6B-91D32206C686}.Release|x86.ActiveCfg = Release|Any CPU
		{DA28E49F-D8B7-4594-9E6B-91D32206C686}.Release|x86.Build.0 = Release|Any CPU
		{DA28E49F-D8B7-4594-9E6B-91D32206C686}.Release|x86.Deploy.0 = Release|Any CPU
		{097146B1-0892-4C9E-97A2-8DAA327CC60C}.Ad-Hoc|Any CPU.ActiveCfg = Ad-Hoc|iPhone
		{097146B1-0892-4C9E-97A2-8DAA327CC60C}.Ad-Hoc|Any CPU.Build.0 = Ad-Hoc|iPhone
		{097146B1-0892-4C9E-97A2-8DAA327CC60C}.Ad-Hoc|Any CPU.Deploy.0 = Ad-Hoc|iPhone
		{097146B1-0892-4C9E-97A2-8DAA327CC60C}.Ad-Hoc|ARM.ActiveCfg = Ad-Hoc|iPhone
		{097146B1-0892-4C9E-97A2-8DAA327CC60C}.Ad-Hoc|ARM.Build.0 = Ad-Hoc|iPhone
		{097146B1-0892-4C9E-97A2-8DAA327CC60C}.Ad-Hoc|ARM.Deploy.0 = Ad-Hoc|iPhone
		{097146B1-0892-4C9E-97A2-8DAA327CC60C}.Ad-Hoc|iPhone.ActiveCfg = Ad-Hoc|iPhone
		{097146B1-0892-4C9E-97A2-8DAA327CC60C}.Ad-Hoc|iPhone.Build.0 = Ad-Hoc|iPhone
		{097146B1-0892-4C9E-97A2-8DAA327CC60C}.Ad-Hoc|iPhone.Deploy.0 = Ad-Hoc|iPhone
		{097146B1-0892-4C9E-97A2-8DAA327CC60C}.Ad-Hoc|iPhoneSimulator.ActiveCfg = Ad-Hoc|iPhoneSimulator
		{097146B1-0892-4C9E-97A2-8DAA327CC60C}.Ad-Hoc|iPhoneSimulator.Build.0 = Ad-Hoc|iPhoneSimulator
		{097146B1-0892-4C9E-97A2-8DAA327CC60C}.Ad-Hoc|iPhoneSimulator.Deploy.0 = Ad-Hoc|iPhoneSimulator
		{097146B1-0892-4C9E-97A2-8DAA327CC60C}.Ad-Hoc|x64.ActiveCfg = Ad-Hoc|iPhone
		{097146B1-0892-4C9E-97A2-8DAA327CC60C}.Ad-Hoc|x64.Build.0 = Ad-Hoc|iPhone
		{097146B1-0892-4C9E-97A2-8DAA327CC60C}.Ad-Hoc|x64.Deploy.0 = Ad-Hoc|iPhone
		{097146B1-0892-4C9E-97A2-8DAA327CC60C}.Ad-Hoc|x86.ActiveCfg = Ad-Hoc|iPhone
		{097146B1-0892-4C9E-97A2-8DAA327CC60C}.Ad-Hoc|x86.Build.0 = Ad-Hoc|iPhone
		{097146B1-0892-4C9E-97A2-8DAA327CC60C}.Ad-Hoc|x86.Deploy.0 = Ad-Hoc|iPhone
		{097146B1-0892-4C9E-97A2-8DAA327CC60C}.AppStore|Any CPU.ActiveCfg = AppStore|iPhone
		{097146B1-0892-4C9E-97A2-8DAA327CC60C}.AppStore|Any CPU.Build.0 = AppStore|iPhone
		{097146B1-0892-4C9E-97A2-8DAA327CC60C}.AppStore|Any CPU.Deploy.0 = AppStore|iPhone
		{097146B1-0892-4C9E-97A2-8DAA327CC60C}.AppStore|ARM.ActiveCfg = AppStore|iPhone
		{097146B1-0892-4C9E-97A2-8DAA327CC60C}.AppStore|ARM.Build.0 = AppStore|iPhone
		{097146B1-0892-4C9E-97A2-8DAA327CC60C}.AppStore|ARM.Deploy.0 = AppStore|iPhone
		{097146B1-0892-4C9E-97A2-8DAA327CC60C}.AppStore|iPhone.ActiveCfg = AppStore|iPhone
		{097146B1-0892-4C9E-97A2-8DAA327CC60C}.AppStore|iPhone.Build.0 = AppStore|iPhone
		{097146B1-0892-4C9E-97A2-8DAA327CC60C}.AppStore|iPhone.Deploy.0 = AppStore|iPhone
		{097146B1-0892-4C9E-97A2-8DAA327CC60C}.AppStore|iPhoneSimulator.ActiveCfg = AppStore|iPhoneSimulator
		{097146B1-0892-4C9E-97A2-8DAA327CC60C}.AppStore|iPhoneSimulator.Build.0 = AppStore|iPhoneSimulator
		{097146B1-0892-4C9E-97A2-8DAA327CC60C}.AppStore|iPhoneSimulator.Deploy.0 = AppStore|iPhoneSimulator
		{097146B1-0892-4C9E-97A2-8DAA327CC60C}.AppStore|x64.ActiveCfg = AppStore|iPhone
		{097146B1-0892-4C9E-97A2-8DAA327CC60C}.AppStore|x64.Build.0 = AppStore|iPhone
		{097146B1-0892-4C9E-97A2-8DAA327CC60C}.AppStore|x64.Deploy.0 = AppStore|iPhone
		{097146B1-0892-4C9E-97A2-8DAA327CC60C}.AppStore|x86.ActiveCfg = AppStore|iPhone
		{097146B1-0892-4C9E-97A2-8DAA327CC60C}.AppStore|x86.Build.0 = AppStore|iPhone
		{097146B1-0892-4C9E-97A2-8DAA327CC60C}.AppStore|x86.Deploy.0 = AppStore|iPhone
		{097146B1-0892-4C9E-97A2-8DAA327CC60C}.Debug|Any CPU.ActiveCfg = Debug|iPhoneSimulator
		{097146B1-0892-4C9E-97A2-8DAA327CC60C}.Debug|Any CPU.Build.0 = Debug|iPhoneSimulator
		{097146B1-0892-4C9E-97A2-8DAA327CC60C}.Debug|Any CPU.Deploy.0 = Debug|iPhoneSimulator
		{097146B1-0892-4C9E-97A2-8DAA327CC60C}.Debug|ARM.ActiveCfg = Debug|iPhone
		{097146B1-0892-4C9E-97A2-8DAA327CC60C}.Debug|ARM.Build.0 = Debug|iPhone
		{097146B1-0892-4C9E-97A2-8DAA327CC60C}.Debug|ARM.Deploy.0 = Debug|iPhone
		{097146B1-0892-4C9E-97A2-8DAA327CC60C}.Debug|iPhone.ActiveCfg = Debug|iPhone
		{097146B1-0892-4C9E-97A2-8DAA327CC60C}.Debug|iPhone.Build.0 = Debug|iPhone
		{097146B1-0892-4C9E-97A2-8DAA327CC60C}.Debug|iPhone.Deploy.0 = Debug|iPhone
		{097146B1-0892-4C9E-97A2-8DAA327CC60C}.Debug|iPhoneSimulator.ActiveCfg = Debug|iPhoneSimulator
		{097146B1-0892-4C9E-97A2-8DAA327CC60C}.Debug|iPhoneSimulator.Build.0 = Debug|iPhoneSimulator
		{097146B1-0892-4C9E-97A2-8DAA327CC60C}.Debug|iPhoneSimulator.Deploy.0 = Debug|iPhoneSimulator
		{097146B1-0892-4C9E-97A2-8DAA327CC60C}.Debug|x64.ActiveCfg = Debug|iPhone
		{097146B1-0892-4C9E-97A2-8DAA327CC60C}.Debug|x64.Build.0 = Debug|iPhone
		{097146B1-0892-4C9E-97A2-8DAA327CC60C}.Debug|x64.Deploy.0 = Debug|iPhone
		{097146B1-0892-4C9E-97A2-8DAA327CC60C}.Debug|x86.ActiveCfg = Debug|iPhone
		{097146B1-0892-4C9E-97A2-8DAA327CC60C}.Debug|x86.Build.0 = Debug|iPhone
		{097146B1-0892-4C9E-97A2-8DAA327CC60C}.Debug|x86.Deploy.0 = Debug|iPhone
		{097146B1-0892-4C9E-97A2-8DAA327CC60C}.Release|Any CPU.ActiveCfg = Release|iPhone
		{097146B1-0892-4C9E-97A2-8DAA327CC60C}.Release|Any CPU.Build.0 = Release|iPhone
		{097146B1-0892-4C9E-97A2-8DAA327CC60C}.Release|Any CPU.Deploy.0 = Release|iPhone
		{097146B1-0892-4C9E-97A2-8DAA327CC60C}.Release|ARM.ActiveCfg = Release|iPhone
		{097146B1-0892-4C9E-97A2-8DAA327CC60C}.Release|ARM.Build.0 = Release|iPhone
		{097146B1-0892-4C9E-97A2-8DAA327CC60C}.Release|ARM.Deploy.0 = Release|iPhone
		{097146B1-0892-4C9E-97A2-8DAA327CC60C}.Release|iPhone.ActiveCfg = Release|iPhone
		{097146B1-0892-4C9E-97A2-8DAA327CC60C}.Release|iPhone.Build.0 = Release|iPhone
		{097146B1-0892-4C9E-97A2-8DAA327CC60C}.Release|iPhone.Deploy.0 = Release|iPhone
		{097146B1-0892-4C9E-97A2-8DAA327CC60C}.Release|iPhoneSimulator.ActiveCfg = Release|iPhoneSimulator
		{097146B1-0892-4C9E-97A2-8DAA327CC60C}.Release|iPhoneSimulator.Build.0 = Release|iPhoneSimulator
		{097146B1-0892-4C9E-97A2-8DAA327CC60C}.Release|iPhoneSimulator.Deploy.0 = Release|iPhoneSimulator
		{097146B1-0892-4C9E-97A2-8DAA327CC60C}.Release|x64.ActiveCfg = Release|iPhone
		{097146B1-0892-4C9E-97A2-8DAA327CC60C}.Release|x64.Build.0 = Release|iPhone
		{097146B1-0892-4C9E-97A2-8DAA327CC60C}.Release|x64.Deploy.0 = Release|iPhone
		{097146B1-0892-4C9E-97A2-8DAA327CC60C}.Release|x86.ActiveCfg = Release|iPhone
		{097146B1-0892-4C9E-97A2-8DAA327CC60C}.Release|x86.Build.0 = Release|iPhone
		{097146B1-0892-4C9E-97A2-8DAA327CC60C}.Release|x86.Deploy.0 = Release|iPhone
		{58945C4D-6FCD-43E3-823D-9DD11F901F81}.Ad-Hoc|Any CPU.ActiveCfg = Release|x86
		{58945C4D-6FCD-43E3-823D-9DD11F901F81}.Ad-Hoc|Any CPU.Build.0 = Release|x86
		{58945C4D-6FCD-43E3-823D-9DD11F901F81}.Ad-Hoc|Any CPU.Deploy.0 = Release|x86
		{58945C4D-6FCD-43E3-823D-9DD11F901F81}.Ad-Hoc|ARM.ActiveCfg = Release|ARM
		{58945C4D-6FCD-43E3-823D-9DD11F901F81}.Ad-Hoc|ARM.Build.0 = Release|ARM
		{58945C4D-6FCD-43E3-823D-9DD11F901F81}.Ad-Hoc|ARM.Deploy.0 = Release|ARM
		{58945C4D-6FCD-43E3-823D-9DD11F901F81}.Ad-Hoc|iPhone.ActiveCfg = Release|x86
		{58945C4D-6FCD-43E3-823D-9DD11F901F81}.Ad-Hoc|iPhone.Build.0 = Release|x86
		{58945C4D-6FCD-43E3-823D-9DD11F901F81}.Ad-Hoc|iPhone.Deploy.0 = Release|x86
		{58945C4D-6FCD-43E3-823D-9DD11F901F81}.Ad-Hoc|iPhoneSimulator.ActiveCfg = Release|x86
		{58945C4D-6FCD-43E3-823D-9DD11F901F81}.Ad-Hoc|iPhoneSimulator.Build.0 = Release|x86
		{58945C4D-6FCD-43E3-823D-9DD11F901F81}.Ad-Hoc|iPhoneSimulator.Deploy.0 = Release|x86
		{58945C4D-6FCD-43E3-823D-9DD11F901F81}.Ad-Hoc|x64.ActiveCfg = Release|x64
		{58945C4D-6FCD-43E3-823D-9DD11F901F81}.Ad-Hoc|x64.Build.0 = Release|x64
		{58945C4D-6FCD-43E3-823D-9DD11F901F81}.Ad-Hoc|x64.Deploy.0 = Release|x64
		{58945C4D-6FCD-43E3-823D-9DD11F901F81}.Ad-Hoc|x86.ActiveCfg = Release|x86
		{58945C4D-6FCD-43E3-823D-9DD11F901F81}.Ad-Hoc|x86.Build.0 = Release|x86
		{58945C4D-6FCD-43E3-823D-9DD11F901F81}.Ad-Hoc|x86.Deploy.0 = Release|x86
		{58945C4D-6FCD-43E3-823D-9DD11F901F81}.AppStore|Any CPU.ActiveCfg = Release|x86
		{58945C4D-6FCD-43E3-823D-9DD11F901F81}.AppStore|Any CPU.Build.0 = Release|x86
		{58945C4D-6FCD-43E3-823D-9DD11F901F81}.AppStore|Any CPU.Deploy.0 = Release|x86
		{58945C4D-6FCD-43E3-823D-9DD11F901F81}.AppStore|ARM.ActiveCfg = Release|ARM
		{58945C4D-6FCD-43E3-823D-9DD11F901F81}.AppStore|ARM.Build.0 = Release|ARM
		{58945C4D-6FCD-43E3-823D-9DD11F901F81}.AppStore|ARM.Deploy.0 = Release|ARM
		{58945C4D-6FCD-43E3-823D-9DD11F901F81}.AppStore|iPhone.ActiveCfg = Release|x86
		{58945C4D-6FCD-43E3-823D-9DD11F901F81}.AppStore|iPhone.Build.0 = Release|x86
		{58945C4D-6FCD-43E3-823D-9DD11F901F81}.AppStore|iPhone.Deploy.0 = Release|x86
		{58945C4D-6FCD-43E3-823D-9DD11F901F81}.AppStore|iPhoneSimulator.ActiveCfg = Release|x86
		{58945C4D-6FCD-43E3-823D-9DD11F901F81}.AppStore|iPhoneSimulator.Build.0 = Release|x86
		{58945C4D-6FCD-43E3-823D-9DD11F901F81}.AppStore|iPhoneSimulator.Deploy.0 = Release|x86
		{58945C4D-6FCD-43E3-823D-9DD11F901F81}.AppStore|x64.ActiveCfg = Release|x64
		{58945C4D-6FCD-43E3-823D-9DD11F901F81}.AppStore|x64.Build.0 = Release|x64
		{58945C4D-6FCD-43E3-823D-9DD11F901F81}.AppStore|x64.Deploy.0 = Release|x64
		{58945C4D-6FCD-43E3-823D-9DD11F901F81}.AppStore|x86.ActiveCfg = Release|x86
		{58945C4D-6FCD-43E3-823D-9DD11F901F81}.AppStore|x86.Build.0 = Release|x86
		{58945C4D-6FCD-43E3-823D-9DD11F901F81}.AppStore|x86.Deploy.0 = Release|x86
		{58945C4D-6FCD-43E3-823D-9DD11F901F81}.Debug|Any CPU.ActiveCfg = Debug|x86
		{58945C4D-6FCD-43E3-823D-9DD11F901F81}.Debug|Any CPU.Build.0 = Debug|x86
		{58945C4D-6FCD-43E3-823D-9DD11F901F81}.Debug|Any CPU.Deploy.0 = Debug|x86
		{58945C4D-6FCD-43E3-823D-9DD11F901F81}.Debug|ARM.ActiveCfg = Debug|ARM
		{58945C4D-6FCD-43E3-823D-9DD11F901F81}.Debug|ARM.Build.0 = Debug|ARM
		{58945C4D-6FCD-43E3-823D-9DD11F901F81}.Debug|ARM.Deploy.0 = Debug|ARM
		{58945C4D-6FCD-43E3-823D-9DD11F901F81}.Debug|iPhone.ActiveCfg = Debug|x86
		{58945C4D-6FCD-43E3-823D-9DD11F901F81}.Debug|iPhone.Build.0 = Debug|x86
		{58945C4D-6FCD-43E3-823D-9DD11F901F81}.Debug|iPhone.Deploy.0 = Debug|x86
		{58945C4D-6FCD-43E3-823D-9DD11F901F81}.Debug|iPhoneSimulator.ActiveCfg = Debug|x86
		{58945C4D-6FCD-43E3-823D-9DD11F901F81}.Debug|iPhoneSimulator.Build.0 = Debug|x86
		{58945C4D-6FCD-43E3-823D-9DD11F901F81}.Debug|iPhoneSimulator.Deploy.0 = Debug|x86
		{58945C4D-6FCD-43E3-823D-9DD11F901F81}.Debug|x64.ActiveCfg = Debug|x64
		{58945C4D-6FCD-43E3-823D-9DD11F901F81}.Debug|x64.Build.0 = Debug|x64
		{58945C4D-6FCD-43E3-823D-9DD11F901F81}.Debug|x64.Deploy.0 = Debug|x64
		{58945C4D-6FCD-43E3-823D-9DD11F901F81}.Debug|x86.ActiveCfg = Debug|x86
		{58945C4D-6FCD-43E3-823D-9DD11F901F81}.Debug|x86.Build.0 = Debug|x86
		{58945C4D-6FCD-43E3-823D-9DD11F901F81}.Debug|x86.Deploy.0 = Debug|x86
		{58945C4D-6FCD-43E3-823D-9DD11F901F81}.Release|Any CPU.ActiveCfg = Release|x86
		{58945C4D-6FCD-43E3-823D-9DD11F901F81}.Release|Any CPU.Build.0 = Release|x86
		{58945C4D-6FCD-43E3-823D-9DD11F901F81}.Release|Any CPU.Deploy.0 = Release|x86
		{58945C4D-6FCD-43E3-823D-9DD11F901F81}.Release|ARM.ActiveCfg = Release|ARM
		{58945C4D-6FCD-43E3-823D-9DD11F901F81}.Release|ARM.Build.0 = Release|ARM
		{58945C4D-6FCD-43E3-823D-9DD11F901F81}.Release|ARM.Deploy.0 = Release|ARM
		{58945C4D-6FCD-43E3-823D-9DD11F901F81}.Release|iPhone.ActiveCfg = Release|x86
		{58945C4D-6FCD-43E3-823D-9DD11F901F81}.Release|iPhone.Build.0 = Release|x86
		{58945C4D-6FCD-43E3-823D-9DD11F901F81}.Release|iPhone.Deploy.0 = Release|x86
		{58945C4D-6FCD-43E3-823D-9DD11F901F81}.Release|iPhoneSimulator.ActiveCfg = Release|x86
		{58945C4D-6FCD-43E3-823D-9DD11F901F81}.Release|iPhoneSimulator.Build.0 = Release|x86
		{58945C4D-6FCD-43E3-823D-9DD11F901F81}.Release|iPhoneSimulator.Deploy.0 = Release|x86
		{58945C4D-6FCD-43E3-823D-9DD11F901F81}.Release|x64.ActiveCfg = Release|x64
		{58945C4D-6FCD-43E3-823D-9DD11F901F81}.Release|x64.Build.0 = Release|x64
		{58945C4D-6FCD-43E3-823D-9DD11F901F81}.Release|x64.Deploy.0 = Release|x64
		{58945C4D-6FCD-43E3-823D-9DD11F901F81}.Release|x86.ActiveCfg = Release|x86
		{58945C4D-6FCD-43E3-823D-9DD11F901F81}.Release|x86.Build.0 = Release|x86
		{58945C4D-6FCD-43E3-823D-9DD11F901F81}.Release|x86.Deploy.0 = Release|x86
		{E31BA018-4B39-4986-ACB0-4CCF1A126700}.Ad-Hoc|Any CPU.ActiveCfg = Debug|Any CPU
		{E31BA018-4B39-4986-ACB0-4CCF1A126700}.Ad-Hoc|Any CPU.Build.0 = Debug|Any CPU
		{E31BA018-4B39-4986-ACB0-4CCF1A126700}.Ad-Hoc|Any CPU.Deploy.0 = Debug|Any CPU
		{E31BA018-4B39-4986-ACB0-4CCF1A126700}.Ad-Hoc|ARM.ActiveCfg = Debug|Any CPU
		{E31BA018-4B39-4986-ACB0-4CCF1A126700}.Ad-Hoc|ARM.Build.0 = Debug|Any CPU
		{E31BA018-4B39-4986-ACB0-4CCF1A126700}.Ad-Hoc|ARM.Deploy.0 = Debug|Any CPU
		{E31BA018-4B39-4986-ACB0-4CCF1A126700}.Ad-Hoc|iPhone.ActiveCfg = Debug|Any CPU
		{E31BA018-4B39-4986-ACB0-4CCF1A126700}.Ad-Hoc|iPhone.Build.0 = Debug|Any CPU
		{E31BA018-4B39-4986-ACB0-4CCF1A126700}.Ad-Hoc|iPhone.Deploy.0 = Debug|Any CPU
		{E31BA018-4B39-4986-ACB0-4CCF1A126700}.Ad-Hoc|iPhoneSimulator.ActiveCfg = Debug|Any CPU
		{E31BA018-4B39-4986-ACB0-4CCF1A126700}.Ad-Hoc|iPhoneSimulator.Build.0 = Debug|Any CPU
		{E31BA018-4B39-4986-ACB0-4CCF1A126700}.Ad-Hoc|iPhoneSimulator.Deploy.0 = Debug|Any CPU
		{E31BA018-4B39-4986-ACB0-4CCF1A126700}.Ad-Hoc|x64.ActiveCfg = Debug|Any CPU
		{E31BA018-4B39-4986-ACB0-4CCF1A126700}.Ad-Hoc|x64.Build.0 = Debug|Any CPU
		{E31BA018-4B39-4986-ACB0-4CCF1A126700}.Ad-Hoc|x64.Deploy.0 = Debug|Any CPU
		{E31BA018-4B39-4986-ACB0-4CCF1A126700}.Ad-Hoc|x86.ActiveCfg = Debug|Any CPU
		{E31BA018-4B39-4986-ACB0-4CCF1A126700}.Ad-Hoc|x86.Build.0 = Debug|Any CPU
		{E31BA018-4B39-4986-ACB0-4CCF1A126700}.Ad-Hoc|x86.Deploy.0 = Debug|Any CPU
		{E31BA018-4B39-4986-ACB0-4CCF1A126700}.AppStore|Any CPU.ActiveCfg = Debug|Any CPU
		{E31BA018-4B39-4986-ACB0-4CCF1A126700}.AppStore|Any CPU.Build.0 = Debug|Any CPU
		{E31BA018-4B39-4986-ACB0-4CCF1A126700}.AppStore|Any CPU.Deploy.0 = Debug|Any CPU
		{E31BA018-4B39-4986-ACB0-4CCF1A126700}.AppStore|ARM.ActiveCfg = Debug|Any CPU
		{E31BA018-4B39-4986-ACB0-4CCF1A126700}.AppStore|ARM.Build.0 = Debug|Any CPU
		{E31BA018-4B39-4986-ACB0-4CCF1A126700}.AppStore|ARM.Deploy.0 = Debug|Any CPU
		{E31BA018-4B39-4986-ACB0-4CCF1A126700}.AppStore|iPhone.ActiveCfg = Debug|Any CPU
		{E31BA018-4B39-4986-ACB0-4CCF1A126700}.AppStore|iPhone.Build.0 = Debug|Any CPU
		{E31BA018-4B39-4986-ACB0-4CCF1A126700}.AppStore|iPhone.Deploy.0 = Debug|Any CPU
		{E31BA018-4B39-4986-ACB0-4CCF1A126700}.AppStore|iPhoneSimulator.ActiveCfg = Debug|Any CPU
		{E31BA018-4B39-4986-ACB0-4CCF1A126700}.AppStore|iPhoneSimulator.Build.0 = Debug|Any CPU
		{E31BA018-4B39-4986-ACB0-4CCF1A126700}.AppStore|iPhoneSimulator.Deploy.0 = Debug|Any CPU
		{E31BA018-4B39-4986-ACB0-4CCF1A126700}.AppStore|x64.ActiveCfg = Debug|Any CPU
		{E31BA018-4B39-4986-ACB0-4CCF1A126700}.AppStore|x64.Build.0 = Debug|Any CPU
		{E31BA018-4B39-4986-ACB0-4CCF1A126700}.AppStore|x64.Deploy.0 = Debug|Any CPU
		{E31BA018-4B39-4986-ACB0-4CCF1A126700}.AppStore|x86.ActiveCfg = Debug|Any CPU
		{E31BA018-4B39-4986-ACB0-4CCF1A126700}.AppStore|x86.Build.0 = Debug|Any CPU
		{E31BA018-4B39-4986-ACB0-4CCF1A126700}.AppStore|x86.Deploy.0 = Debug|Any CPU
		{E31BA018-4B39-4986-ACB0-4CCF1A126700}.Debug|Any CPU.ActiveCfg = Debug|Any CPU
		{E31BA018-4B39-4986-ACB0-4CCF1A126700}.Debug|Any CPU.Build.0 = Debug|Any CPU
		{E31BA018-4B39-4986-ACB0-4CCF1A126700}.Debug|Any CPU.Deploy.0 = Debug|Any CPU
		{E31BA018-4B39-4986-ACB0-4CCF1A126700}.Debug|ARM.ActiveCfg = Debug|Any CPU
		{E31BA018-4B39-4986-ACB0-4CCF1A126700}.Debug|ARM.Build.0 = Debug|Any CPU
		{E31BA018-4B39-4986-ACB0-4CCF1A126700}.Debug|ARM.Deploy.0 = Debug|Any CPU
		{E31BA018-4B39-4986-ACB0-4CCF1A126700}.Debug|iPhone.ActiveCfg = Debug|Any CPU
		{E31BA018-4B39-4986-ACB0-4CCF1A126700}.Debug|iPhone.Build.0 = Debug|Any CPU
		{E31BA018-4B39-4986-ACB0-4CCF1A126700}.Debug|iPhone.Deploy.0 = Debug|Any CPU
		{E31BA018-4B39-4986-ACB0-4CCF1A126700}.Debug|iPhoneSimulator.ActiveCfg = Debug|Any CPU
		{E31BA018-4B39-4986-ACB0-4CCF1A126700}.Debug|iPhoneSimulator.Build.0 = Debug|Any CPU
		{E31BA018-4B39-4986-ACB0-4CCF1A126700}.Debug|iPhoneSimulator.Deploy.0 = Debug|Any CPU
		{E31BA018-4B39-4986-ACB0-4CCF1A126700}.Debug|x64.ActiveCfg = Debug|Any CPU
		{E31BA018-4B39-4986-ACB0-4CCF1A126700}.Debug|x64.Build.0 = Debug|Any CPU
		{E31BA018-4B39-4986-ACB0-4CCF1A126700}.Debug|x64.Deploy.0 = Debug|Any CPU
		{E31BA018-4B39-4986-ACB0-4CCF1A126700}.Debug|x86.ActiveCfg = Debug|Any CPU
		{E31BA018-4B39-4986-ACB0-4CCF1A126700}.Debug|x86.Build.0 = Debug|Any CPU
		{E31BA018-4B39-4986-ACB0-4CCF1A126700}.Debug|x86.Deploy.0 = Debug|Any CPU
		{E31BA018-4B39-4986-ACB0-4CCF1A126700}.Release|Any CPU.ActiveCfg = Release|Any CPU
		{E31BA018-4B39-4986-ACB0-4CCF1A126700}.Release|Any CPU.Build.0 = Release|Any CPU
		{E31BA018-4B39-4986-ACB0-4CCF1A126700}.Release|Any CPU.Deploy.0 = Release|Any CPU
		{E31BA018-4B39-4986-ACB0-4CCF1A126700}.Release|ARM.ActiveCfg = Release|Any CPU
		{E31BA018-4B39-4986-ACB0-4CCF1A126700}.Release|ARM.Build.0 = Release|Any CPU
		{E31BA018-4B39-4986-ACB0-4CCF1A126700}.Release|ARM.Deploy.0 = Release|Any CPU
		{E31BA018-4B39-4986-ACB0-4CCF1A126700}.Release|iPhone.ActiveCfg = Release|Any CPU
		{E31BA018-4B39-4986-ACB0-4CCF1A126700}.Release|iPhone.Build.0 = Release|Any CPU
		{E31BA018-4B39-4986-ACB0-4CCF1A126700}.Release|iPhone.Deploy.0 = Release|Any CPU
		{E31BA018-4B39-4986-ACB0-4CCF1A126700}.Release|iPhoneSimulator.ActiveCfg = Release|Any CPU
		{E31BA018-4B39-4986-ACB0-4CCF1A126700}.Release|iPhoneSimulator.Build.0 = Release|Any CPU
		{E31BA018-4B39-4986-ACB0-4CCF1A126700}.Release|iPhoneSimulator.Deploy.0 = Release|Any CPU
		{E31BA018-4B39-4986-ACB0-4CCF1A126700}.Release|x64.ActiveCfg = Release|Any CPU
		{E31BA018-4B39-4986-ACB0-4CCF1A126700}.Release|x64.Build.0 = Release|Any CPU
		{E31BA018-4B39-4986-ACB0-4CCF1A126700}.Release|x64.Deploy.0 = Release|Any CPU
		{E31BA018-4B39-4986-ACB0-4CCF1A126700}.Release|x86.ActiveCfg = Release|Any CPU
		{E31BA018-4B39-4986-ACB0-4CCF1A126700}.Release|x86.Build.0 = Release|Any CPU
		{E31BA018-4B39-4986-ACB0-4CCF1A126700}.Release|x86.Deploy.0 = Release|Any CPU
		{F943F617-E601-44A2-A190-6E1BDF2B9F4E}.Ad-Hoc|Any CPU.ActiveCfg = Release|Any CPU
		{F943F617-E601-44A2-A190-6E1BDF2B9F4E}.Ad-Hoc|Any CPU.Build.0 = Release|Any CPU
		{F943F617-E601-44A2-A190-6E1BDF2B9F4E}.Ad-Hoc|ARM.ActiveCfg = Release|Any CPU
		{F943F617-E601-44A2-A190-6E1BDF2B9F4E}.Ad-Hoc|ARM.Build.0 = Release|Any CPU
		{F943F617-E601-44A2-A190-6E1BDF2B9F4E}.Ad-Hoc|iPhone.ActiveCfg = Release|Any CPU
		{F943F617-E601-44A2-A190-6E1BDF2B9F4E}.Ad-Hoc|iPhone.Build.0 = Release|Any CPU
		{F943F617-E601-44A2-A190-6E1BDF2B9F4E}.Ad-Hoc|iPhoneSimulator.ActiveCfg = Release|Any CPU
		{F943F617-E601-44A2-A190-6E1BDF2B9F4E}.Ad-Hoc|iPhoneSimulator.Build.0 = Release|Any CPU
		{F943F617-E601-44A2-A190-6E1BDF2B9F4E}.Ad-Hoc|x64.ActiveCfg = Release|Any CPU
		{F943F617-E601-44A2-A190-6E1BDF2B9F4E}.Ad-Hoc|x64.Build.0 = Release|Any CPU
		{F943F617-E601-44A2-A190-6E1BDF2B9F4E}.Ad-Hoc|x86.ActiveCfg = Release|Any CPU
		{F943F617-E601-44A2-A190-6E1BDF2B9F4E}.Ad-Hoc|x86.Build.0 = Release|Any CPU
		{F943F617-E601-44A2-A190-6E1BDF2B9F4E}.AppStore|Any CPU.ActiveCfg = Release|Any CPU
		{F943F617-E601-44A2-A190-6E1BDF2B9F4E}.AppStore|Any CPU.Build.0 = Release|Any CPU
		{F943F617-E601-44A2-A190-6E1BDF2B9F4E}.AppStore|ARM.ActiveCfg = Release|Any CPU
		{F943F617-E601-44A2-A190-6E1BDF2B9F4E}.AppStore|ARM.Build.0 = Release|Any CPU
		{F943F617-E601-44A2-A190-6E1BDF2B9F4E}.AppStore|iPhone.ActiveCfg = Release|Any CPU
		{F943F617-E601-44A2-A190-6E1BDF2B9F4E}.AppStore|iPhone.Build.0 = Release|Any CPU
		{F943F617-E601-44A2-A190-6E1BDF2B9F4E}.AppStore|iPhoneSimulator.ActiveCfg = Release|Any CPU
		{F943F617-E601-44A2-A190-6E1BDF2B9F4E}.AppStore|iPhoneSimulator.Build.0 = Release|Any CPU
		{F943F617-E601-44A2-A190-6E1BDF2B9F4E}.AppStore|x64.ActiveCfg = Release|Any CPU
		{F943F617-E601-44A2-A190-6E1BDF2B9F4E}.AppStore|x64.Build.0 = Release|Any CPU
		{F943F617-E601-44A2-A190-6E1BDF2B9F4E}.AppStore|x86.ActiveCfg = Release|Any CPU
		{F943F617-E601-44A2-A190-6E1BDF2B9F4E}.AppStore|x86.Build.0 = Release|Any CPU
		{F943F617-E601-44A2-A190-6E1BDF2B9F4E}.Debug|Any CPU.ActiveCfg = Debug|Any CPU
		{F943F617-E601-44A2-A190-6E1BDF2B9F4E}.Debug|Any CPU.Build.0 = Debug|Any CPU
		{F943F617-E601-44A2-A190-6E1BDF2B9F4E}.Debug|ARM.ActiveCfg = Debug|Any CPU
		{F943F617-E601-44A2-A190-6E1BDF2B9F4E}.Debug|ARM.Build.0 = Debug|Any CPU
		{F943F617-E601-44A2-A190-6E1BDF2B9F4E}.Debug|iPhone.ActiveCfg = Debug|Any CPU
		{F943F617-E601-44A2-A190-6E1BDF2B9F4E}.Debug|iPhone.Build.0 = Debug|Any CPU
		{F943F617-E601-44A2-A190-6E1BDF2B9F4E}.Debug|iPhoneSimulator.ActiveCfg = Debug|Any CPU
		{F943F617-E601-44A2-A190-6E1BDF2B9F4E}.Debug|iPhoneSimulator.Build.0 = Debug|Any CPU
		{F943F617-E601-44A2-A190-6E1BDF2B9F4E}.Debug|x64.ActiveCfg = Debug|Any CPU
		{F943F617-E601-44A2-A190-6E1BDF2B9F4E}.Debug|x64.Build.0 = Debug|Any CPU
		{F943F617-E601-44A2-A190-6E1BDF2B9F4E}.Debug|x86.ActiveCfg = Debug|Any CPU
		{F943F617-E601-44A2-A190-6E1BDF2B9F4E}.Debug|x86.Build.0 = Debug|Any CPU
		{F943F617-E601-44A2-A190-6E1BDF2B9F4E}.Release|Any CPU.ActiveCfg = Release|Any CPU
		{F943F617-E601-44A2-A190-6E1BDF2B9F4E}.Release|Any CPU.Build.0 = Release|Any CPU
		{F943F617-E601-44A2-A190-6E1BDF2B9F4E}.Release|ARM.ActiveCfg = Release|Any CPU
		{F943F617-E601-44A2-A190-6E1BDF2B9F4E}.Release|ARM.Build.0 = Release|Any CPU
		{F943F617-E601-44A2-A190-6E1BDF2B9F4E}.Release|iPhone.ActiveCfg = Release|Any CPU
		{F943F617-E601-44A2-A190-6E1BDF2B9F4E}.Release|iPhone.Build.0 = Release|Any CPU
		{F943F617-E601-44A2-A190-6E1BDF2B9F4E}.Release|iPhoneSimulator.ActiveCfg = Release|Any CPU
		{F943F617-E601-44A2-A190-6E1BDF2B9F4E}.Release|iPhoneSimulator.Build.0 = Release|Any CPU
		{F943F617-E601-44A2-A190-6E1BDF2B9F4E}.Release|x64.ActiveCfg = Release|Any CPU
		{F943F617-E601-44A2-A190-6E1BDF2B9F4E}.Release|x64.Build.0 = Release|Any CPU
		{F943F617-E601-44A2-A190-6E1BDF2B9F4E}.Release|x86.ActiveCfg = Release|Any CPU
		{F943F617-E601-44A2-A190-6E1BDF2B9F4E}.Release|x86.Build.0 = Release|Any CPU
		{56E08C9E-D01A-4521-8660-F86C3CA4C335}.Ad-Hoc|Any CPU.ActiveCfg = Release|Any CPU
		{56E08C9E-D01A-4521-8660-F86C3CA4C335}.Ad-Hoc|Any CPU.Build.0 = Release|Any CPU
		{56E08C9E-D01A-4521-8660-F86C3CA4C335}.Ad-Hoc|ARM.ActiveCfg = Release|Any CPU
		{56E08C9E-D01A-4521-8660-F86C3CA4C335}.Ad-Hoc|ARM.Build.0 = Release|Any CPU
		{56E08C9E-D01A-4521-8660-F86C3CA4C335}.Ad-Hoc|iPhone.ActiveCfg = Release|Any CPU
		{56E08C9E-D01A-4521-8660-F86C3CA4C335}.Ad-Hoc|iPhone.Build.0 = Release|Any CPU
		{56E08C9E-D01A-4521-8660-F86C3CA4C335}.Ad-Hoc|iPhoneSimulator.ActiveCfg = Release|Any CPU
		{56E08C9E-D01A-4521-8660-F86C3CA4C335}.Ad-Hoc|iPhoneSimulator.Build.0 = Release|Any CPU
		{56E08C9E-D01A-4521-8660-F86C3CA4C335}.Ad-Hoc|x64.ActiveCfg = Release|Any CPU
		{56E08C9E-D01A-4521-8660-F86C3CA4C335}.Ad-Hoc|x64.Build.0 = Release|Any CPU
		{56E08C9E-D01A-4521-8660-F86C3CA4C335}.Ad-Hoc|x86.ActiveCfg = Release|Any CPU
		{56E08C9E-D01A-4521-8660-F86C3CA4C335}.Ad-Hoc|x86.Build.0 = Release|Any CPU
		{56E08C9E-D01A-4521-8660-F86C3CA4C335}.AppStore|Any CPU.ActiveCfg = Release|Any CPU
		{56E08C9E-D01A-4521-8660-F86C3CA4C335}.AppStore|Any CPU.Build.0 = Release|Any CPU
		{56E08C9E-D01A-4521-8660-F86C3CA4C335}.AppStore|ARM.ActiveCfg = Release|Any CPU
		{56E08C9E-D01A-4521-8660-F86C3CA4C335}.AppStore|ARM.Build.0 = Release|Any CPU
		{56E08C9E-D01A-4521-8660-F86C3CA4C335}.AppStore|iPhone.ActiveCfg = Release|Any CPU
		{56E08C9E-D01A-4521-8660-F86C3CA4C335}.AppStore|iPhone.Build.0 = Release|Any CPU
		{56E08C9E-D01A-4521-8660-F86C3CA4C335}.AppStore|iPhoneSimulator.ActiveCfg = Release|Any CPU
		{56E08C9E-D01A-4521-8660-F86C3CA4C335}.AppStore|iPhoneSimulator.Build.0 = Release|Any CPU
		{56E08C9E-D01A-4521-8660-F86C3CA4C335}.AppStore|x64.ActiveCfg = Release|Any CPU
		{56E08C9E-D01A-4521-8660-F86C3CA4C335}.AppStore|x64.Build.0 = Release|Any CPU
		{56E08C9E-D01A-4521-8660-F86C3CA4C335}.AppStore|x86.ActiveCfg = Release|Any CPU
		{56E08C9E-D01A-4521-8660-F86C3CA4C335}.AppStore|x86.Build.0 = Release|Any CPU
		{56E08C9E-D01A-4521-8660-F86C3CA4C335}.Debug|Any CPU.ActiveCfg = Debug|Any CPU
		{56E08C9E-D01A-4521-8660-F86C3CA4C335}.Debug|Any CPU.Build.0 = Debug|Any CPU
		{56E08C9E-D01A-4521-8660-F86C3CA4C335}.Debug|ARM.ActiveCfg = Debug|Any CPU
		{56E08C9E-D01A-4521-8660-F86C3CA4C335}.Debug|ARM.Build.0 = Debug|Any CPU
		{56E08C9E-D01A-4521-8660-F86C3CA4C335}.Debug|iPhone.ActiveCfg = Debug|Any CPU
		{56E08C9E-D01A-4521-8660-F86C3CA4C335}.Debug|iPhone.Build.0 = Debug|Any CPU
		{56E08C9E-D01A-4521-8660-F86C3CA4C335}.Debug|iPhoneSimulator.ActiveCfg = Debug|Any CPU
		{56E08C9E-D01A-4521-8660-F86C3CA4C335}.Debug|iPhoneSimulator.Build.0 = Debug|Any CPU
		{56E08C9E-D01A-4521-8660-F86C3CA4C335}.Debug|x64.ActiveCfg = Debug|Any CPU
		{56E08C9E-D01A-4521-8660-F86C3CA4C335}.Debug|x64.Build.0 = Debug|Any CPU
		{56E08C9E-D01A-4521-8660-F86C3CA4C335}.Debug|x86.ActiveCfg = Debug|Any CPU
		{56E08C9E-D01A-4521-8660-F86C3CA4C335}.Debug|x86.Build.0 = Debug|Any CPU
		{56E08C9E-D01A-4521-8660-F86C3CA4C335}.Release|Any CPU.ActiveCfg = Release|Any CPU
		{56E08C9E-D01A-4521-8660-F86C3CA4C335}.Release|Any CPU.Build.0 = Release|Any CPU
		{56E08C9E-D01A-4521-8660-F86C3CA4C335}.Release|ARM.ActiveCfg = Release|Any CPU
		{56E08C9E-D01A-4521-8660-F86C3CA4C335}.Release|ARM.Build.0 = Release|Any CPU
		{56E08C9E-D01A-4521-8660-F86C3CA4C335}.Release|iPhone.ActiveCfg = Release|Any CPU
		{56E08C9E-D01A-4521-8660-F86C3CA4C335}.Release|iPhone.Build.0 = Release|Any CPU
		{56E08C9E-D01A-4521-8660-F86C3CA4C335}.Release|iPhoneSimulator.ActiveCfg = Release|Any CPU
		{56E08C9E-D01A-4521-8660-F86C3CA4C335}.Release|iPhoneSimulator.Build.0 = Release|Any CPU
		{56E08C9E-D01A-4521-8660-F86C3CA4C335}.Release|x64.ActiveCfg = Release|Any CPU
		{56E08C9E-D01A-4521-8660-F86C3CA4C335}.Release|x64.Build.0 = Release|Any CPU
		{56E08C9E-D01A-4521-8660-F86C3CA4C335}.Release|x86.ActiveCfg = Release|Any CPU
		{56E08C9E-D01A-4521-8660-F86C3CA4C335}.Release|x86.Build.0 = Release|Any CPU
		{7FB9C130-5F69-4C03-A587-BB89F2C6BCCE}.Ad-Hoc|Any CPU.ActiveCfg = Release|Any CPU
		{7FB9C130-5F69-4C03-A587-BB89F2C6BCCE}.Ad-Hoc|Any CPU.Build.0 = Release|Any CPU
		{7FB9C130-5F69-4C03-A587-BB89F2C6BCCE}.Ad-Hoc|ARM.ActiveCfg = Release|Any CPU
		{7FB9C130-5F69-4C03-A587-BB89F2C6BCCE}.Ad-Hoc|ARM.Build.0 = Release|Any CPU
		{7FB9C130-5F69-4C03-A587-BB89F2C6BCCE}.Ad-Hoc|iPhone.ActiveCfg = Release|Any CPU
		{7FB9C130-5F69-4C03-A587-BB89F2C6BCCE}.Ad-Hoc|iPhone.Build.0 = Release|Any CPU
		{7FB9C130-5F69-4C03-A587-BB89F2C6BCCE}.Ad-Hoc|iPhoneSimulator.ActiveCfg = Release|Any CPU
		{7FB9C130-5F69-4C03-A587-BB89F2C6BCCE}.Ad-Hoc|iPhoneSimulator.Build.0 = Release|Any CPU
		{7FB9C130-5F69-4C03-A587-BB89F2C6BCCE}.Ad-Hoc|x64.ActiveCfg = Release|Any CPU
		{7FB9C130-5F69-4C03-A587-BB89F2C6BCCE}.Ad-Hoc|x64.Build.0 = Release|Any CPU
		{7FB9C130-5F69-4C03-A587-BB89F2C6BCCE}.Ad-Hoc|x86.ActiveCfg = Release|Any CPU
		{7FB9C130-5F69-4C03-A587-BB89F2C6BCCE}.Ad-Hoc|x86.Build.0 = Release|Any CPU
		{7FB9C130-5F69-4C03-A587-BB89F2C6BCCE}.AppStore|Any CPU.ActiveCfg = Release|Any CPU
		{7FB9C130-5F69-4C03-A587-BB89F2C6BCCE}.AppStore|Any CPU.Build.0 = Release|Any CPU
		{7FB9C130-5F69-4C03-A587-BB89F2C6BCCE}.AppStore|ARM.ActiveCfg = Release|Any CPU
		{7FB9C130-5F69-4C03-A587-BB89F2C6BCCE}.AppStore|ARM.Build.0 = Release|Any CPU
		{7FB9C130-5F69-4C03-A587-BB89F2C6BCCE}.AppStore|iPhone.ActiveCfg = Release|Any CPU
		{7FB9C130-5F69-4C03-A587-BB89F2C6BCCE}.AppStore|iPhone.Build.0 = Release|Any CPU
		{7FB9C130-5F69-4C03-A587-BB89F2C6BCCE}.AppStore|iPhoneSimulator.ActiveCfg = Release|Any CPU
		{7FB9C130-5F69-4C03-A587-BB89F2C6BCCE}.AppStore|iPhoneSimulator.Build.0 = Release|Any CPU
		{7FB9C130-5F69-4C03-A587-BB89F2C6BCCE}.AppStore|x64.ActiveCfg = Release|Any CPU
		{7FB9C130-5F69-4C03-A587-BB89F2C6BCCE}.AppStore|x64.Build.0 = Release|Any CPU
		{7FB9C130-5F69-4C03-A587-BB89F2C6BCCE}.AppStore|x86.ActiveCfg = Release|Any CPU
		{7FB9C130-5F69-4C03-A587-BB89F2C6BCCE}.AppStore|x86.Build.0 = Release|Any CPU
		{7FB9C130-5F69-4C03-A587-BB89F2C6BCCE}.Debug|Any CPU.ActiveCfg = Debug|Any CPU
		{7FB9C130-5F69-4C03-A587-BB89F2C6BCCE}.Debug|Any CPU.Build.0 = Debug|Any CPU
		{7FB9C130-5F69-4C03-A587-BB89F2C6BCCE}.Debug|ARM.ActiveCfg = Debug|Any CPU
		{7FB9C130-5F69-4C03-A587-BB89F2C6BCCE}.Debug|ARM.Build.0 = Debug|Any CPU
		{7FB9C130-5F69-4C03-A587-BB89F2C6BCCE}.Debug|iPhone.ActiveCfg = Debug|Any CPU
		{7FB9C130-5F69-4C03-A587-BB89F2C6BCCE}.Debug|iPhone.Build.0 = Debug|Any CPU
		{7FB9C130-5F69-4C03-A587-BB89F2C6BCCE}.Debug|iPhoneSimulator.ActiveCfg = Debug|Any CPU
		{7FB9C130-5F69-4C03-A587-BB89F2C6BCCE}.Debug|iPhoneSimulator.Build.0 = Debug|Any CPU
		{7FB9C130-5F69-4C03-A587-BB89F2C6BCCE}.Debug|x64.ActiveCfg = Debug|Any CPU
		{7FB9C130-5F69-4C03-A587-BB89F2C6BCCE}.Debug|x64.Build.0 = Debug|Any CPU
		{7FB9C130-5F69-4C03-A587-BB89F2C6BCCE}.Debug|x86.ActiveCfg = Debug|Any CPU
		{7FB9C130-5F69-4C03-A587-BB89F2C6BCCE}.Debug|x86.Build.0 = Debug|Any CPU
		{7FB9C130-5F69-4C03-A587-BB89F2C6BCCE}.Release|Any CPU.ActiveCfg = Release|Any CPU
		{7FB9C130-5F69-4C03-A587-BB89F2C6BCCE}.Release|Any CPU.Build.0 = Release|Any CPU
		{7FB9C130-5F69-4C03-A587-BB89F2C6BCCE}.Release|ARM.ActiveCfg = Release|Any CPU
		{7FB9C130-5F69-4C03-A587-BB89F2C6BCCE}.Release|ARM.Build.0 = Release|Any CPU
		{7FB9C130-5F69-4C03-A587-BB89F2C6BCCE}.Release|iPhone.ActiveCfg = Release|Any CPU
		{7FB9C130-5F69-4C03-A587-BB89F2C6BCCE}.Release|iPhone.Build.0 = Release|Any CPU
		{7FB9C130-5F69-4C03-A587-BB89F2C6BCCE}.Release|iPhoneSimulator.ActiveCfg = Release|Any CPU
		{7FB9C130-5F69-4C03-A587-BB89F2C6BCCE}.Release|iPhoneSimulator.Build.0 = Release|Any CPU
		{7FB9C130-5F69-4C03-A587-BB89F2C6BCCE}.Release|x64.ActiveCfg = Release|Any CPU
		{7FB9C130-5F69-4C03-A587-BB89F2C6BCCE}.Release|x64.Build.0 = Release|Any CPU
		{7FB9C130-5F69-4C03-A587-BB89F2C6BCCE}.Release|x86.ActiveCfg = Release|Any CPU
		{7FB9C130-5F69-4C03-A587-BB89F2C6BCCE}.Release|x86.Build.0 = Release|Any CPU
		{EB7F1951-2D42-4FD0-856A-4A5272EE9F6A}.Ad-Hoc|Any CPU.ActiveCfg = Release|Any CPU
		{EB7F1951-2D42-4FD0-856A-4A5272EE9F6A}.Ad-Hoc|Any CPU.Build.0 = Release|Any CPU
		{EB7F1951-2D42-4FD0-856A-4A5272EE9F6A}.Ad-Hoc|ARM.ActiveCfg = Release|Any CPU
		{EB7F1951-2D42-4FD0-856A-4A5272EE9F6A}.Ad-Hoc|ARM.Build.0 = Release|Any CPU
		{EB7F1951-2D42-4FD0-856A-4A5272EE9F6A}.Ad-Hoc|iPhone.ActiveCfg = Release|Any CPU
		{EB7F1951-2D42-4FD0-856A-4A5272EE9F6A}.Ad-Hoc|iPhone.Build.0 = Release|Any CPU
		{EB7F1951-2D42-4FD0-856A-4A5272EE9F6A}.Ad-Hoc|iPhoneSimulator.ActiveCfg = Release|Any CPU
		{EB7F1951-2D42-4FD0-856A-4A5272EE9F6A}.Ad-Hoc|iPhoneSimulator.Build.0 = Release|Any CPU
		{EB7F1951-2D42-4FD0-856A-4A5272EE9F6A}.Ad-Hoc|x64.ActiveCfg = Release|Any CPU
		{EB7F1951-2D42-4FD0-856A-4A5272EE9F6A}.Ad-Hoc|x64.Build.0 = Release|Any CPU
		{EB7F1951-2D42-4FD0-856A-4A5272EE9F6A}.Ad-Hoc|x86.ActiveCfg = Release|Any CPU
		{EB7F1951-2D42-4FD0-856A-4A5272EE9F6A}.Ad-Hoc|x86.Build.0 = Release|Any CPU
		{EB7F1951-2D42-4FD0-856A-4A5272EE9F6A}.AppStore|Any CPU.ActiveCfg = Release|Any CPU
		{EB7F1951-2D42-4FD0-856A-4A5272EE9F6A}.AppStore|Any CPU.Build.0 = Release|Any CPU
		{EB7F1951-2D42-4FD0-856A-4A5272EE9F6A}.AppStore|ARM.ActiveCfg = Release|Any CPU
		{EB7F1951-2D42-4FD0-856A-4A5272EE9F6A}.AppStore|ARM.Build.0 = Release|Any CPU
		{EB7F1951-2D42-4FD0-856A-4A5272EE9F6A}.AppStore|iPhone.ActiveCfg = Release|Any CPU
		{EB7F1951-2D42-4FD0-856A-4A5272EE9F6A}.AppStore|iPhone.Build.0 = Release|Any CPU
		{EB7F1951-2D42-4FD0-856A-4A5272EE9F6A}.AppStore|iPhoneSimulator.ActiveCfg = Release|Any CPU
		{EB7F1951-2D42-4FD0-856A-4A5272EE9F6A}.AppStore|iPhoneSimulator.Build.0 = Release|Any CPU
		{EB7F1951-2D42-4FD0-856A-4A5272EE9F6A}.AppStore|x64.ActiveCfg = Release|Any CPU
		{EB7F1951-2D42-4FD0-856A-4A5272EE9F6A}.AppStore|x64.Build.0 = Release|Any CPU
		{EB7F1951-2D42-4FD0-856A-4A5272EE9F6A}.AppStore|x86.ActiveCfg = Release|Any CPU
		{EB7F1951-2D42-4FD0-856A-4A5272EE9F6A}.AppStore|x86.Build.0 = Release|Any CPU
		{EB7F1951-2D42-4FD0-856A-4A5272EE9F6A}.Debug|Any CPU.ActiveCfg = Debug|Any CPU
		{EB7F1951-2D42-4FD0-856A-4A5272EE9F6A}.Debug|Any CPU.Build.0 = Debug|Any CPU
		{EB7F1951-2D42-4FD0-856A-4A5272EE9F6A}.Debug|ARM.ActiveCfg = Debug|Any CPU
		{EB7F1951-2D42-4FD0-856A-4A5272EE9F6A}.Debug|ARM.Build.0 = Debug|Any CPU
		{EB7F1951-2D42-4FD0-856A-4A5272EE9F6A}.Debug|iPhone.ActiveCfg = Debug|Any CPU
		{EB7F1951-2D42-4FD0-856A-4A5272EE9F6A}.Debug|iPhone.Build.0 = Debug|Any CPU
		{EB7F1951-2D42-4FD0-856A-4A5272EE9F6A}.Debug|iPhoneSimulator.ActiveCfg = Debug|Any CPU
		{EB7F1951-2D42-4FD0-856A-4A5272EE9F6A}.Debug|iPhoneSimulator.Build.0 = Debug|Any CPU
		{EB7F1951-2D42-4FD0-856A-4A5272EE9F6A}.Debug|x64.ActiveCfg = Debug|Any CPU
		{EB7F1951-2D42-4FD0-856A-4A5272EE9F6A}.Debug|x64.Build.0 = Debug|Any CPU
		{EB7F1951-2D42-4FD0-856A-4A5272EE9F6A}.Debug|x86.ActiveCfg = Debug|Any CPU
		{EB7F1951-2D42-4FD0-856A-4A5272EE9F6A}.Debug|x86.Build.0 = Debug|Any CPU
		{EB7F1951-2D42-4FD0-856A-4A5272EE9F6A}.Release|Any CPU.ActiveCfg = Release|Any CPU
		{EB7F1951-2D42-4FD0-856A-4A5272EE9F6A}.Release|Any CPU.Build.0 = Release|Any CPU
		{EB7F1951-2D42-4FD0-856A-4A5272EE9F6A}.Release|ARM.ActiveCfg = Release|Any CPU
		{EB7F1951-2D42-4FD0-856A-4A5272EE9F6A}.Release|ARM.Build.0 = Release|Any CPU
		{EB7F1951-2D42-4FD0-856A-4A5272EE9F6A}.Release|iPhone.ActiveCfg = Release|Any CPU
		{EB7F1951-2D42-4FD0-856A-4A5272EE9F6A}.Release|iPhone.Build.0 = Release|Any CPU
		{EB7F1951-2D42-4FD0-856A-4A5272EE9F6A}.Release|iPhoneSimulator.ActiveCfg = Release|Any CPU
		{EB7F1951-2D42-4FD0-856A-4A5272EE9F6A}.Release|iPhoneSimulator.Build.0 = Release|Any CPU
		{EB7F1951-2D42-4FD0-856A-4A5272EE9F6A}.Release|x64.ActiveCfg = Release|Any CPU
		{EB7F1951-2D42-4FD0-856A-4A5272EE9F6A}.Release|x64.Build.0 = Release|Any CPU
		{EB7F1951-2D42-4FD0-856A-4A5272EE9F6A}.Release|x86.ActiveCfg = Release|Any CPU
		{EB7F1951-2D42-4FD0-856A-4A5272EE9F6A}.Release|x86.Build.0 = Release|Any CPU
	EndGlobalSection
	GlobalSection(SolutionProperties) = preSolution
		HideSolutionNode = FALSE
	EndGlobalSection
	GlobalSection(ExtensibilityGlobals) = postSolution
		SolutionGuid = {D63C5796-933F-4635-BFC5-6D4C31C48BEA}
	EndGlobalSection
EndGlobal
